
Microsoft Visual Studio Solution File, Format Version 12.00
# Visual Studio 15
VisualStudioVersion = 15.0.28307.168
MinimumVisualStudioVersion = 10.0.40219.1
Project("{FAE04EC0-301F-11D3-BF4B-00C04F79EFBC}") = "WebApplication", "WebApplication\WebApplication.csproj", "{5D3A6DD2-5E19-4BD1-A05C-73B26E58F656}"
EndProject
Project("{FAE04EC0-301F-11D3-BF4B-00C04F79EFBC}") = "AdminWebApp", "AdminWebApplication\AdminWebApp.csproj", "{137833FC-20C9-455B-9E2D-A7F562820336}"
EndProject
Project("{2150E333-8FDC-42A3-9474-1A3956D46DE8}") = "BLL", "BLL", "{17A9F895-0853-490C-9545-2DA023692472}"
EndProject
Project("{2150E333-8FDC-42A3-9474-1A3956D46DE8}") = "DLL", "DLL", "{C955DC63-2780-41A5-BBE0-8D7D8704819A}"
EndProject
Project("{2150E333-8FDC-42A3-9474-1A3956D46DE8}") = "FRAMEWORK", "FRAMEWORK", "{1288B28A-1CE2-45AB-BD94-F867C2E73CE9}"
EndProject
Project("{2150E333-8FDC-42A3-9474-1A3956D46DE8}") = "Web", "Web", "{E3E2D3DD-6A09-4F70-8422-C4215427FADD}"
EndProject
Project("{FAE04EC0-301F-11D3-BF4B-00C04F79EFBC}") = "KAF.MsgContainer", "KAF.MsgContainer\KAF.MsgContainer.csproj", "{03DA147D-34E0-402D-AFF7-588FEFF38665}"
EndProject
Project("{FAE04EC0-301F-11D3-BF4B-00C04F79EFBC}") = "KAF.AppConfiguration", "KAF.AppConfiguration\KAF.AppConfiguration.csproj", "{A0591D23-3C4E-4ACA-BD0D-88497940E28B}"
EndProject
Project("{FAE04EC0-301F-11D3-BF4B-00C04F79EFBC}") = "KAF.ConstantTypes", "KAF.ConstantTypes\KAF.ConstantTypes.csproj", "{C7AE8095-9886-4EB3-8050-91F0BE6C7537}"
EndProject
Project("{FAE04EC0-301F-11D3-BF4B-00C04F79EFBC}") = "KAF.WebFramework", "KAF.Framework\KAF.WebFramework.csproj", "{44F72904-FE08-41CC-9AB8-E18F899B5572}"
EndProject
Project("{FAE04EC0-301F-11D3-BF4B-00C04F79EFBC}") = "KAF.WebAPICommon", "KAF.WebAPICommon\KAF.WebAPICommon.csproj", "{F3E5DF6B-8051-4041-BD12-6E66F7035B78}"
EndProject
Project("{FAE04EC0-301F-11D3-BF4B-00C04F79EFBC}") = "KAF.WebApiOutCache", "KAF.WebApiOutCache\KAF.WebApiOutCache.csproj", "{FC911767-D908-4A51-8B58-508A01C735C6}"
EndProject
Project("{FAE04EC0-301F-11D3-BF4B-00C04F79EFBC}") = "KAF.BusinessDataObjects", "KAF.BusinessDataObjects\KAF.BusinessDataObjects.csproj", "{EF8DAE61-781C-41D2-8290-C01419A273C9}"
EndProject
Project("{FAE04EC0-301F-11D3-BF4B-00C04F79EFBC}") = "KAF.IBusinessFacadeObjects", "KAF.IBusinessFacadeObjects\KAF.IBusinessFacadeObjects.csproj", "{D250CB1A-091F-43E9-9415-A2558E529E3C}"
EndProject
Project("{FAE04EC0-301F-11D3-BF4B-00C04F79EFBC}") = "KAF.IDataAccessObjects", "KAF.IDataAccessObjects\KAF.IDataAccessObjects.csproj", "{54392614-2388-4C16-98E8-324CFDF04A26}"
EndProject
Project("{FAE04EC0-301F-11D3-BF4B-00C04F79EFBC}") = "KAF.DataAccessObjects", "KAF.DataAccessObjects\KAF.DataAccessObjects.csproj", "{0EB08418-3CF6-4A78-A7FE-B4D758A92E83}"
EndProject
Project("{FAE04EC0-301F-11D3-BF4B-00C04F79EFBC}") = "KAF.BusinessFacadeObjects", "KAF.BusinessFacadeObjects\KAF.BusinessFacadeObjects.csproj", "{3F47635D-64EB-4F92-9D94-EDFE3EEA79C4}"
EndProject
Project("{FAE04EC0-301F-11D3-BF4B-00C04F79EFBC}") = "KAF.FacadeCreatorObjects", "KAF.FacadeCreatorObjects\KAF.FacadeCreatorObjects.csproj", "{DC4E2E2D-96DD-4972-83A7-4209965BA907}"
EndProject
Project("{FAE04EC0-301F-11D3-BF4B-00C04F79EFBC}") = "KAF.CustomHelper", "KAF.CustomHelper\KAF.CustomHelper.csproj", "{FA1A0270-5F40-49E1-824A-DBA7DFA19E9E}"
EndProject
Project("{FAE04EC0-301F-11D3-BF4B-00C04F79EFBC}") = "KAF.CustomFilters", "KAF.CustomFilters\KAF.CustomFilters.csproj", "{D16BF31A-87A1-43C7-B2AD-C786FE8BC65E}"
EndProject
Project("{FAE04EC0-301F-11D3-BF4B-00C04F79EFBC}") = "KAF.MVC.Common", "KAF.MVC.Common\KAF.MVC.Common.csproj", "{85743EFC-715D-4F69-9A6F-5B553F218B76}"
EndProject
Project("{FAE04EC0-301F-11D3-BF4B-00C04F79EFBC}") = "KAFWebAPIServices", "KAFWebAPIServices\KAFWebAPIServices.csproj", "{F70061C8-8B53-47D0-A83F-68D01CD80D34}"
EndProject
Project("{FAE04EC0-301F-11D3-BF4B-00C04F79EFBC}") = "KAFWebAdmin", "KAFWebAdmin\KAFWebAdmin.csproj", "{8A685F57-B39B-4406-B8C7-276C34CE98C5}"
EndProject
Global
	GlobalSection(SolutionConfigurationPlatforms) = preSolution
		Debug|Any CPU = Debug|Any CPU
		Release|Any CPU = Release|Any CPU
	EndGlobalSection
	GlobalSection(ProjectConfigurationPlatforms) = postSolution
		{5D3A6DD2-5E19-4BD1-A05C-73B26E58F656}.Debug|Any CPU.ActiveCfg = Debug|Any CPU
		{5D3A6DD2-5E19-4BD1-A05C-73B26E58F656}.Debug|Any CPU.Build.0 = Debug|Any CPU
		{5D3A6DD2-5E19-4BD1-A05C-73B26E58F656}.Release|Any CPU.ActiveCfg = Release|Any CPU
		{5D3A6DD2-5E19-4BD1-A05C-73B26E58F656}.Release|Any CPU.Build.0 = Release|Any CPU
		{137833FC-20C9-455B-9E2D-A7F562820336}.Debug|Any CPU.ActiveCfg = Debug|Any CPU
		{137833FC-20C9-455B-9E2D-A7F562820336}.Debug|Any CPU.Build.0 = Debug|Any CPU
		{137833FC-20C9-455B-9E2D-A7F562820336}.Release|Any CPU.ActiveCfg = Release|Any CPU
		{137833FC-20C9-455B-9E2D-A7F562820336}.Release|Any CPU.Build.0 = Release|Any CPU
		{03DA147D-34E0-402D-AFF7-588FEFF38665}.Debug|Any CPU.ActiveCfg = Debug|Any CPU
		{03DA147D-34E0-402D-AFF7-588FEFF38665}.Debug|Any CPU.Build.0 = Debug|Any CPU
		{03DA147D-34E0-402D-AFF7-588FEFF38665}.Release|Any CPU.ActiveCfg = Release|Any CPU
		{03DA147D-34E0-402D-AFF7-588FEFF38665}.Release|Any CPU.Build.0 = Release|Any CPU
		{A0591D23-3C4E-4ACA-BD0D-88497940E28B}.Debug|Any CPU.ActiveCfg = Debug|Any CPU
		{A0591D23-3C4E-4ACA-BD0D-88497940E28B}.Debug|Any CPU.Build.0 = Debug|Any CPU
		{A0591D23-3C4E-4ACA-BD0D-88497940E28B}.Release|Any CPU.ActiveCfg = Release|Any CPU
		{A0591D23-3C4E-4ACA-BD0D-88497940E28B}.Release|Any CPU.Build.0 = Release|Any CPU
		{C7AE8095-9886-4EB3-8050-91F0BE6C7537}.Debug|Any CPU.ActiveCfg = Debug|Any CPU
		{C7AE8095-9886-4EB3-8050-91F0BE6C7537}.Debug|Any CPU.Build.0 = Debug|Any CPU
		{C7AE8095-9886-4EB3-8050-91F0BE6C7537}.Release|Any CPU.ActiveCfg = Release|Any CPU
		{C7AE8095-9886-4EB3-8050-91F0BE6C7537}.Release|Any CPU.Build.0 = Release|Any CPU
		{44F72904-FE08-41CC-9AB8-E18F899B5572}.Debug|Any CPU.ActiveCfg = Debug|Any CPU
		{44F72904-FE08-41CC-9AB8-E18F899B5572}.Debug|Any CPU.Build.0 = Debug|Any CPU
		{44F72904-FE08-41CC-9AB8-E18F899B5572}.Release|Any CPU.ActiveCfg = Release|Any CPU
		{44F72904-FE08-41CC-9AB8-E18F899B5572}.Release|Any CPU.Build.0 = Release|Any CPU
		{F3E5DF6B-8051-4041-BD12-6E66F7035B78}.Debug|Any CPU.ActiveCfg = Debug|Any CPU
		{F3E5DF6B-8051-4041-BD12-6E66F7035B78}.Debug|Any CPU.Build.0 = Debug|Any CPU
		{F3E5DF6B-8051-4041-BD12-6E66F7035B78}.Release|Any CPU.ActiveCfg = Release|Any CPU
		{F3E5DF6B-8051-4041-BD12-6E66F7035B78}.Release|Any CPU.Build.0 = Release|Any CPU
		{FC911767-D908-4A51-8B58-508A01C735C6}.Debug|Any CPU.ActiveCfg = Debug|Any CPU
		{FC911767-D908-4A51-8B58-508A01C735C6}.Debug|Any CPU.Build.0 = Debug|Any CPU
		{FC911767-D908-4A51-8B58-508A01C735C6}.Release|Any CPU.ActiveCfg = Release|Any CPU
		{FC911767-D908-4A51-8B58-508A01C735C6}.Release|Any CPU.Build.0 = Release|Any CPU
		{EF8DAE61-781C-41D2-8290-C01419A273C9}.Debug|Any CPU.ActiveCfg = Debug|Any CPU
		{EF8DAE61-781C-41D2-8290-C01419A273C9}.Debug|Any CPU.Build.0 = Debug|Any CPU
		{EF8DAE61-781C-41D2-8290-C01419A273C9}.Release|Any CPU.ActiveCfg = Release|Any CPU
		{EF8DAE61-781C-41D2-8290-C01419A273C9}.Release|Any CPU.Build.0 = Release|Any CPU
		{D250CB1A-091F-43E9-9415-A2558E529E3C}.Debug|Any CPU.ActiveCfg = Debug|Any CPU
		{D250CB1A-091F-43E9-9415-A2558E529E3C}.Debug|Any CPU.Build.0 = Debug|Any CPU
		{D250CB1A-091F-43E9-9415-A2558E529E3C}.Release|Any CPU.ActiveCfg = Release|Any CPU
		{D250CB1A-091F-43E9-9415-A2558E529E3C}.Release|Any CPU.Build.0 = Release|Any CPU
		{54392614-2388-4C16-98E8-324CFDF04A26}.Debug|Any CPU.ActiveCfg = Debug|Any CPU
		{54392614-2388-4C16-98E8-324CFDF04A26}.Debug|Any CPU.Build.0 = Debug|Any CPU
		{54392614-2388-4C16-98E8-324CFDF04A26}.Release|Any CPU.ActiveCfg = Release|Any CPU
		{54392614-2388-4C16-98E8-324CFDF04A26}.Release|Any CPU.Build.0 = Release|Any CPU
		{0EB08418-3CF6-4A78-A7FE-B4D758A92E83}.Debug|Any CPU.ActiveCfg = Debug|Any CPU
		{0EB08418-3CF6-4A78-A7FE-B4D758A92E83}.Debug|Any CPU.Build.0 = Debug|Any CPU
		{0EB08418-3CF6-4A78-A7FE-B4D758A92E83}.Release|Any CPU.ActiveCfg = Release|Any CPU
		{0EB08418-3CF6-4A78-A7FE-B4D758A92E83}.Release|Any CPU.Build.0 = Release|Any CPU
		{3F47635D-64EB-4F92-9D94-EDFE3EEA79C4}.Debug|Any CPU.ActiveCfg = Debug|Any CPU
		{3F47635D-64EB-4F92-9D94-EDFE3EEA79C4}.Debug|Any CPU.Build.0 = Debug|Any CPU
		{3F47635D-64EB-4F92-9D94-EDFE3EEA79C4}.Release|Any CPU.ActiveCfg = Release|Any CPU
		{3F47635D-64EB-4F92-9D94-EDFE3EEA79C4}.Release|Any CPU.Build.0 = Release|Any CPU
		{DC4E2E2D-96DD-4972-83A7-4209965BA907}.Debug|Any CPU.ActiveCfg = Debug|Any CPU
		{DC4E2E2D-96DD-4972-83A7-4209965BA907}.Debug|Any CPU.Build.0 = Debug|Any CPU
		{DC4E2E2D-96DD-4972-83A7-4209965BA907}.Release|Any CPU.ActiveCfg = Release|Any CPU
		{DC4E2E2D-96DD-4972-83A7-4209965BA907}.Release|Any CPU.Build.0 = Release|Any CPU
		{FA1A0270-5F40-49E1-824A-DBA7DFA19E9E}.Debug|Any CPU.ActiveCfg = Debug|Any CPU
		{FA1A0270-5F40-49E1-824A-DBA7DFA19E9E}.Debug|Any CPU.Build.0 = Debug|Any CPU
		{FA1A0270-5F40-49E1-824A-DBA7DFA19E9E}.Release|Any CPU.ActiveCfg = Release|Any CPU
		{FA1A0270-5F40-49E1-824A-DBA7DFA19E9E}.Release|Any CPU.Build.0 = Release|Any CPU
		{D16BF31A-87A1-43C7-B2AD-C786FE8BC65E}.Debug|Any CPU.ActiveCfg = Debug|Any CPU
		{D16BF31A-87A1-43C7-B2AD-C786FE8BC65E}.Debug|Any CPU.Build.0 = Debug|Any CPU
		{D16BF31A-87A1-43C7-B2AD-C786FE8BC65E}.Release|Any CPU.ActiveCfg = Release|Any CPU
		{D16BF31A-87A1-43C7-B2AD-C786FE8BC65E}.Release|Any CPU.Build.0 = Release|Any CPU
		{85743EFC-715D-4F69-9A6F-5B553F218B76}.Debug|Any CPU.ActiveCfg = Debug|Any CPU
		{85743EFC-715D-4F69-9A6F-5B553F218B76}.Debug|Any CPU.Build.0 = Debug|Any CPU
		{85743EFC-715D-4F69-9A6F-5B553F218B76}.Release|Any CPU.ActiveCfg = Release|Any CPU
		{85743EFC-715D-4F69-9A6F-5B553F218B76}.Release|Any CPU.Build.0 = Release|Any CPU
		{F70061C8-8B53-47D0-A83F-68D01CD80D34}.Debug|Any CPU.ActiveCfg = Debug|Any CPU
		{F70061C8-8B53-47D0-A83F-68D01CD80D34}.Debug|Any CPU.Build.0 = Debug|Any CPU
		{F70061C8-8B53-47D0-A83F-68D01CD80D34}.Release|Any CPU.ActiveCfg = Release|Any CPU
		{F70061C8-8B53-47D0-A83F-68D01CD80D34}.Release|Any CPU.Build.0 = Release|Any CPU
		{8A685F57-B39B-4406-B8C7-276C34CE98C5}.Debug|Any CPU.ActiveCfg = Debug|Any CPU
		{8A685F57-B39B-4406-B8C7-276C34CE98C5}.Debug|Any CPU.Build.0 = Debug|Any CPU
		{8A685F57-B39B-4406-B8C7-276C34CE98C5}.Release|Any CPU.ActiveCfg = Release|Any CPU
		{8A685F57-B39B-4406-B8C7-276C34CE98C5}.Release|Any CPU.Build.0 = Release|Any CPU
	EndGlobalSection
	GlobalSection(SolutionProperties) = preSolution
		HideSolutionNode = FALSE
	EndGlobalSection
	GlobalSection(NestedProjects) = preSolution
		{5D3A6DD2-5E19-4BD1-A05C-73B26E58F656} = {E3E2D3DD-6A09-4F70-8422-C4215427FADD}
		{137833FC-20C9-455B-9E2D-A7F562820336} = {E3E2D3DD-6A09-4F70-8422-C4215427FADD}
		{03DA147D-34E0-402D-AFF7-588FEFF38665} = {1288B28A-1CE2-45AB-BD94-F867C2E73CE9}
		{A0591D23-3C4E-4ACA-BD0D-88497940E28B} = {1288B28A-1CE2-45AB-BD94-F867C2E73CE9}
		{C7AE8095-9886-4EB3-8050-91F0BE6C7537} = {1288B28A-1CE2-45AB-BD94-F867C2E73CE9}
		{44F72904-FE08-41CC-9AB8-E18F899B5572} = {1288B28A-1CE2-45AB-BD94-F867C2E73CE9}
		{F3E5DF6B-8051-4041-BD12-6E66F7035B78} = {1288B28A-1CE2-45AB-BD94-F867C2E73CE9}
		{FC911767-D908-4A51-8B58-508A01C735C6} = {1288B28A-1CE2-45AB-BD94-F867C2E73CE9}
		{EF8DAE61-781C-41D2-8290-C01419A273C9} = {17A9F895-0853-490C-9545-2DA023692472}
		{D250CB1A-091F-43E9-9415-A2558E529E3C} = {17A9F895-0853-490C-9545-2DA023692472}
		{54392614-2388-4C16-98E8-324CFDF04A26} = {C955DC63-2780-41A5-BBE0-8D7D8704819A}
		{0EB08418-3CF6-4A78-A7FE-B4D758A92E83} = {C955DC63-2780-41A5-BBE0-8D7D8704819A}
		{3F47635D-64EB-4F92-9D94-EDFE3EEA79C4} = {17A9F895-0853-490C-9545-2DA023692472}
		{DC4E2E2D-96DD-4972-83A7-4209965BA907} = {17A9F895-0853-490C-9545-2DA023692472}
		{FA1A0270-5F40-49E1-824A-DBA7DFA19E9E} = {E3E2D3DD-6A09-4F70-8422-C4215427FADD}
		{D16BF31A-87A1-43C7-B2AD-C786FE8BC65E} = {E3E2D3DD-6A09-4F70-8422-C4215427FADD}
		{85743EFC-715D-4F69-9A6F-5B553F218B76} = {E3E2D3DD-6A09-4F70-8422-C4215427FADD}
		{F70061C8-8B53-47D0-A83F-68D01CD80D34} = {E3E2D3DD-6A09-4F70-8422-C4215427FADD}
		{8A685F57-B39B-4406-B8C7-276C34CE98C5} = {E3E2D3DD-6A09-4F70-8422-C4215427FADD}
	EndGlobalSection
	GlobalSection(ExtensibilityGlobals) = postSolution
		SolutionGuid = {3A5F02A7-E25A-48F1-B710-004609107B53}
		EnterpriseLibraryConfigurationToolBinariesPathV6 = packages\EnterpriseLibrary.Common.6.0.1304.0\lib\NET45
	EndGlobalSection
EndGlobal
